
Microsoft Visual Studio Solution File, Format Version 12.00
Project("{FAE04EC0-301F-11D3-BF4B-00C04F79EFBC}") = "delegats_level_manager", "delegats_level_manager\delegats_level_manager.csproj", "{6FBE059B-984F-42B6-975D-329F555DEF77}"
EndProject
Global
	GlobalSection(SolutionConfigurationPlatforms) = preSolution
		Debug|Any CPU = Debug|Any CPU
		Release|Any CPU = Release|Any CPU
	EndGlobalSection
	GlobalSection(ProjectConfigurationPlatforms) = postSolution
		{6FBE059B-984F-42B6-975D-329F555DEF77}.Debug|Any CPU.ActiveCfg = Debug|Any CPU
		{6FBE059B-984F-42B6-975D-329F555DEF77}.Debug|Any CPU.Build.0 = Debug|Any CPU
		{6FBE059B-984F-42B6-975D-329F555DEF77}.Release|Any CPU.ActiveCfg = Release|Any CPU
		{6FBE059B-984F-42B6-975D-329F555DEF77}.Release|Any CPU.Build.0 = Release|Any CPU
	EndGlobalSection
EndGlobal
